// !$*UTF8*$!
{
	archiveVersion = 1;
	classes = {
	};
	objectVersion = 50;
	objects = {

/* Begin PBXBuildFile section */
		2E1561BBA2A0F5A73B10443D /* MainViewController.swift in Sources */ = {isa = PBXBuildFile; fileRef = 2E1569E93DE9B17D6A338BE7 /* MainViewController.swift */; };
		2E1561F150BD2BD4CF037E10 /* PinViewController.swift in Sources */ = {isa = PBXBuildFile; fileRef = 2E156098BAEE19CD996543CC /* PinViewController.swift */; };
		2E15622B24AA007943A55A5F /* FilesEnum.swift in Sources */ = {isa = PBXBuildFile; fileRef = 2E1564C271D962232DD8DAE1 /* FilesEnum.swift */; };
		2E1562F312F50362D1DC8B95 /* CacheMetaService.swift in Sources */ = {isa = PBXBuildFile; fileRef = 2E15671CB845B3CAE1B3E87F /* CacheMetaService.swift */; };
		2E15635C1C7E307725427C61 /* RESTResponse.swift in Sources */ = {isa = PBXBuildFile; fileRef = 2E1562BF488E4B8A85E51666 /* RESTResponse.swift */; };
		2E1564000CBF6053BD5971EA /* TabViewController.swift in Sources */ = {isa = PBXBuildFile; fileRef = 2E156E3B952815D03396BA74 /* TabViewController.swift */; };
		2E15640ABD498FE9516A8F64 /* CustomColors.swift in Sources */ = {isa = PBXBuildFile; fileRef = 2E1563AF2C171CEED5413B6E /* CustomColors.swift */; };
		2E1566455AAD705C15FF3175 /* PinTextField.swift in Sources */ = {isa = PBXBuildFile; fileRef = 2E156D1CB5FE5F49634F2C87 /* PinTextField.swift */; };
		2E1566E6CEB7B8663852759D /* SettingsListViewController.swift in Sources */ = {isa = PBXBuildFile; fileRef = 2E15682943E6F1D894F795B7 /* SettingsListViewController.swift */; };
		2E156734C65BA3E8EEB75AA3 /* User.swift in Sources */ = {isa = PBXBuildFile; fileRef = 2E156921915DCDF969300EA6 /* User.swift */; };
		2E1567EDC5A3C766CD34AC9C /* Meta.swift in Sources */ = {isa = PBXBuildFile; fileRef = 2E156C809261B33BA616BA4F /* Meta.swift */; };
		2E1567FCC6AEA84BB0981800 /* UserAPIService.swift in Sources */ = {isa = PBXBuildFile; fileRef = 2E156001AEB7E1D39D43081E /* UserAPIService.swift */; };
		2E1568998772F6D802A933FE /* UserDevice.swift in Sources */ = {isa = PBXBuildFile; fileRef = 2E156F962E0890F787A2CE13 /* UserDevice.swift */; };
		2E1568B61670F45A6348E8E4 /* UtilityService.swift in Sources */ = {isa = PBXBuildFile; fileRef = 2E156EC9962C127BAD5A54F0 /* UtilityService.swift */; };
		2E1568B76A069704D5C8E362 /* ErrorsEnum.swift in Sources */ = {isa = PBXBuildFile; fileRef = 2E15605BE7ABFD624B79680C /* ErrorsEnum.swift */; };
		2E156959FF5F2B647C66D6EF /* ServersListViewController.swift in Sources */ = {isa = PBXBuildFile; fileRef = 2E15698DD871F15B3DF7C47C /* ServersListViewController.swift */; };
		2E156AC88C1E355CF4006265 /* GlobalSettings.swift in Sources */ = {isa = PBXBuildFile; fileRef = 2E156D689B6BAF8F8D632ADC /* GlobalSettings.swift */; };
		2E156B0DF17D7E2C2518E09F /* RESTSertviceI.swift in Sources */ = {isa = PBXBuildFile; fileRef = 2E156B352A6E5095C6FC833C /* RESTSertviceI.swift */; };
		2E156B4DD85EA198ACA29DEF /* VPNService.swift in Sources */ = {isa = PBXBuildFile; fileRef = 2E1565D735C78E2A4CA5B1BE /* VPNService.swift */; };
		2E156BAC2BC5F626BDEF70C5 /* Server.swift in Sources */ = {isa = PBXBuildFile; fileRef = 2E15687806E900770BAF527F /* Server.swift */; };
		2E156CD2B5A04263090B0443 /* RailRoadNavigationController.swift in Sources */ = {isa = PBXBuildFile; fileRef = 2E15644334A2DEEE236322F8 /* RailRoadNavigationController.swift */; };
		2E156D8714191473125C3BDE /* RESTService.swift in Sources */ = {isa = PBXBuildFile; fileRef = 2E156C3155332AC3B9A74F73 /* RESTService.swift */; };
		2E156E1505CF7BF6993B502F /* ServersListTableViewCell.swift in Sources */ = {isa = PBXBuildFile; fileRef = 2E156D08F6C3BC33F1469DAD /* ServersListTableViewCell.swift */; };
		2E156E5C2DDA09442A5DC1EB /* README__ignoredByTemplate__ in Resources */ = {isa = PBXBuildFile; fileRef = 2E156F2CAA35AD632F743762 /* README__ignoredByTemplate__ */; };
		2E156EC040EAB3EF5A448033 /* VPNStatesEnum.swift in Sources */ = {isa = PBXBuildFile; fileRef = 2E156B8901B3975F96DBEF80 /* VPNStatesEnum.swift */; };
		3E50EFBC209CD4CD007D128D /* AppDelegate.swift in Sources */ = {isa = PBXBuildFile; fileRef = 3E50EFBB209CD4CD007D128D /* AppDelegate.swift */; };
		3E50EFC1209CD4CD007D128D /* Main.storyboard in Resources */ = {isa = PBXBuildFile; fileRef = 3E50EFBF209CD4CD007D128D /* Main.storyboard */; };
		3E50EFC3209CD4CD007D128D /* ImagesAssets.xcassets in Resources */ = {isa = PBXBuildFile; fileRef = 3E50EFC2209CD4CD007D128D /* ImagesAssets.xcassets */; };
		3E50EFC6209CD4CD007D128D /* LaunchScreen.storyboard in Resources */ = {isa = PBXBuildFile; fileRef = 3E50EFC4209CD4CD007D128D /* LaunchScreen.storyboard */; };
		3E50EFD1209CD4CE007D128D /* test_2Tests.swift in Sources */ = {isa = PBXBuildFile; fileRef = 3E50EFD0209CD4CE007D128D /* test_2Tests.swift */; };
		3E50EFDC209CD4CE007D128D /* test_2UITests.swift in Sources */ = {isa = PBXBuildFile; fileRef = 3E50EFDB209CD4CE007D128D /* test_2UITests.swift */; };
		3ED862FB209F758300A9F120 /* NetworkExtension.framework in Frameworks */ = {isa = PBXBuildFile; fileRef = 3ED862FA209F758300A9F120 /* NetworkExtension.framework */; };
/* End PBXBuildFile section */

/* Begin PBXContainerItemProxy section */
		3E50EFCD209CD4CE007D128D /* PBXContainerItemProxy */ = {
			isa = PBXContainerItemProxy;
			containerPortal = 3E50EFB0209CD4CD007D128D /* Project object */;
			proxyType = 1;
			remoteGlobalIDString = 3E50EFB7209CD4CD007D128D;
			remoteInfo = test_2;
		};
		3E50EFD8209CD4CE007D128D /* PBXContainerItemProxy */ = {
			isa = PBXContainerItemProxy;
			containerPortal = 3E50EFB0209CD4CD007D128D /* Project object */;
			proxyType = 1;
			remoteGlobalIDString = 3E50EFB7209CD4CD007D128D;
			remoteInfo = test_2;
		};
/* End PBXContainerItemProxy section */

/* Begin PBXFileReference section */
		2E156001AEB7E1D39D43081E /* UserAPIService.swift */ = {isa = PBXFileReference; fileEncoding = 4; lastKnownFileType = sourcecode.swift; path = UserAPIService.swift; sourceTree = "<group>"; };
		2E15605BE7ABFD624B79680C /* ErrorsEnum.swift */ = {isa = PBXFileReference; fileEncoding = 4; lastKnownFileType = sourcecode.swift; path = ErrorsEnum.swift; sourceTree = "<group>"; };
		2E156098BAEE19CD996543CC /* PinViewController.swift */ = {isa = PBXFileReference; fileEncoding = 4; lastKnownFileType = sourcecode.swift; path = PinViewController.swift; sourceTree = "<group>"; };
		2E1562BF488E4B8A85E51666 /* RESTResponse.swift */ = {isa = PBXFileReference; fileEncoding = 4; lastKnownFileType = sourcecode.swift; path = RESTResponse.swift; sourceTree = "<group>"; };
		2E1563AF2C171CEED5413B6E /* CustomColors.swift */ = {isa = PBXFileReference; fileEncoding = 4; lastKnownFileType = sourcecode.swift; path = CustomColors.swift; sourceTree = "<group>"; };
		2E15644334A2DEEE236322F8 /* RailRoadNavigationController.swift */ = {isa = PBXFileReference; fileEncoding = 4; lastKnownFileType = sourcecode.swift; path = RailRoadNavigationController.swift; sourceTree = "<group>"; };
		2E1564C271D962232DD8DAE1 /* FilesEnum.swift */ = {isa = PBXFileReference; fileEncoding = 4; lastKnownFileType = sourcecode.swift; path = FilesEnum.swift; sourceTree = "<group>"; };
		2E1565D735C78E2A4CA5B1BE /* VPNService.swift */ = {isa = PBXFileReference; fileEncoding = 4; lastKnownFileType = sourcecode.swift; path = VPNService.swift; sourceTree = "<group>"; };
		2E15671CB845B3CAE1B3E87F /* CacheMetaService.swift */ = {isa = PBXFileReference; fileEncoding = 4; lastKnownFileType = sourcecode.swift; path = CacheMetaService.swift; sourceTree = "<group>"; };
		2E15682943E6F1D894F795B7 /* SettingsListViewController.swift */ = {isa = PBXFileReference; fileEncoding = 4; lastKnownFileType = sourcecode.swift; path = SettingsListViewController.swift; sourceTree = "<group>"; };
		2E15687806E900770BAF527F /* Server.swift */ = {isa = PBXFileReference; fileEncoding = 4; lastKnownFileType = sourcecode.swift; path = Server.swift; sourceTree = "<group>"; };
		2E156921915DCDF969300EA6 /* User.swift */ = {isa = PBXFileReference; fileEncoding = 4; lastKnownFileType = sourcecode.swift; path = User.swift; sourceTree = "<group>"; };
		2E15698DD871F15B3DF7C47C /* ServersListViewController.swift */ = {isa = PBXFileReference; fileEncoding = 4; lastKnownFileType = sourcecode.swift; path = ServersListViewController.swift; sourceTree = "<group>"; };
		2E1569E93DE9B17D6A338BE7 /* MainViewController.swift */ = {isa = PBXFileReference; fileEncoding = 4; lastKnownFileType = sourcecode.swift; path = MainViewController.swift; sourceTree = "<group>"; };
		2E156B352A6E5095C6FC833C /* RESTSertviceI.swift */ = {isa = PBXFileReference; fileEncoding = 4; lastKnownFileType = sourcecode.swift; path = RESTSertviceI.swift; sourceTree = "<group>"; };
		2E156B8901B3975F96DBEF80 /* VPNStatesEnum.swift */ = {isa = PBXFileReference; fileEncoding = 4; lastKnownFileType = sourcecode.swift; path = VPNStatesEnum.swift; sourceTree = "<group>"; };
		2E156C3155332AC3B9A74F73 /* RESTService.swift */ = {isa = PBXFileReference; fileEncoding = 4; lastKnownFileType = sourcecode.swift; path = RESTService.swift; sourceTree = "<group>"; };
		2E156C809261B33BA616BA4F /* Meta.swift */ = {isa = PBXFileReference; fileEncoding = 4; lastKnownFileType = sourcecode.swift; path = Meta.swift; sourceTree = "<group>"; };
		2E156D08F6C3BC33F1469DAD /* ServersListTableViewCell.swift */ = {isa = PBXFileReference; fileEncoding = 4; lastKnownFileType = sourcecode.swift; path = ServersListTableViewCell.swift; sourceTree = "<group>"; };
		2E156D1CB5FE5F49634F2C87 /* PinTextField.swift */ = {isa = PBXFileReference; fileEncoding = 4; lastKnownFileType = sourcecode.swift; path = PinTextField.swift; sourceTree = "<group>"; };
		2E156D689B6BAF8F8D632ADC /* GlobalSettings.swift */ = {isa = PBXFileReference; fileEncoding = 4; lastKnownFileType = sourcecode.swift; path = GlobalSettings.swift; sourceTree = "<group>"; };
		2E156E3B952815D03396BA74 /* TabViewController.swift */ = {isa = PBXFileReference; fileEncoding = 4; lastKnownFileType = sourcecode.swift; path = TabViewController.swift; sourceTree = "<group>"; };
		2E156EC9962C127BAD5A54F0 /* UtilityService.swift */ = {isa = PBXFileReference; fileEncoding = 4; lastKnownFileType = sourcecode.swift; path = UtilityService.swift; sourceTree = "<group>"; };
		2E156F2CAA35AD632F743762 /* README__ignoredByTemplate__ */ = {isa = PBXFileReference; fileEncoding = 4; lastKnownFileType = text; name = README__ignoredByTemplate__; path = "___FILENAME___.xcassets/README__ignoredByTemplate__"; sourceTree = "<group>"; };
		2E156F962E0890F787A2CE13 /* UserDevice.swift */ = {isa = PBXFileReference; fileEncoding = 4; lastKnownFileType = sourcecode.swift; path = UserDevice.swift; sourceTree = "<group>"; };
		3E50EFB8209CD4CD007D128D /* test_2.app */ = {isa = PBXFileReference; explicitFileType = wrapper.application; includeInIndex = 0; path = test_2.app; sourceTree = BUILT_PRODUCTS_DIR; };
		3E50EFBB209CD4CD007D128D /* AppDelegate.swift */ = {isa = PBXFileReference; lastKnownFileType = sourcecode.swift; path = AppDelegate.swift; sourceTree = "<group>"; };
		3E50EFC0209CD4CD007D128D /* Base */ = {isa = PBXFileReference; lastKnownFileType = file.storyboard; name = Base; path = Base.lproj/Main.storyboard; sourceTree = "<group>"; };
		3E50EFC2209CD4CD007D128D /* ImagesAssets.xcassets */ = {isa = PBXFileReference; lastKnownFileType = folder.assetcatalog; path = ImagesAssets.xcassets; sourceTree = "<group>"; };
		3E50EFC5209CD4CD007D128D /* Base */ = {isa = PBXFileReference; lastKnownFileType = file.storyboard; name = Base; path = Base.lproj/LaunchScreen.storyboard; sourceTree = "<group>"; };
		3E50EFC7209CD4CE007D128D /* Info.plist */ = {isa = PBXFileReference; lastKnownFileType = text.plist.xml; path = Info.plist; sourceTree = "<group>"; };
		3E50EFCC209CD4CE007D128D /* test_2Tests.xctest */ = {isa = PBXFileReference; explicitFileType = wrapper.cfbundle; includeInIndex = 0; path = test_2Tests.xctest; sourceTree = BUILT_PRODUCTS_DIR; };
		3E50EFD0209CD4CE007D128D /* test_2Tests.swift */ = {isa = PBXFileReference; lastKnownFileType = sourcecode.swift; path = test_2Tests.swift; sourceTree = "<group>"; };
		3E50EFD2209CD4CE007D128D /* Info.plist */ = {isa = PBXFileReference; lastKnownFileType = text.plist.xml; path = Info.plist; sourceTree = "<group>"; };
		3E50EFD7209CD4CE007D128D /* test_2UITests.xctest */ = {isa = PBXFileReference; explicitFileType = wrapper.cfbundle; includeInIndex = 0; path = test_2UITests.xctest; sourceTree = BUILT_PRODUCTS_DIR; };
		3E50EFDB209CD4CE007D128D /* test_2UITests.swift */ = {isa = PBXFileReference; lastKnownFileType = sourcecode.swift; path = test_2UITests.swift; sourceTree = "<group>"; };
		3E50EFDD209CD4CE007D128D /* Info.plist */ = {isa = PBXFileReference; lastKnownFileType = text.plist.xml; path = Info.plist; sourceTree = "<group>"; };
		3E7A703620AA3D1C00492E81 /* test_2.entitlements */ = {isa = PBXFileReference; lastKnownFileType = text.plist.entitlements; path = test_2.entitlements; sourceTree = "<group>"; };
		3ED862FA209F758300A9F120 /* NetworkExtension.framework */ = {isa = PBXFileReference; lastKnownFileType = wrapper.framework; name = NetworkExtension.framework; path = System/Library/Frameworks/NetworkExtension.framework; sourceTree = SDKROOT; };
/* End PBXFileReference section */

/* Begin PBXFrameworksBuildPhase section */
		3E50EFB5209CD4CD007D128D /* Frameworks */ = {
			isa = PBXFrameworksBuildPhase;
			buildActionMask = 2147483647;
			files = (
				3ED862FB209F758300A9F120 /* NetworkExtension.framework in Frameworks */,
			);
			runOnlyForDeploymentPostprocessing = 0;
		};
		3E50EFC9209CD4CE007D128D /* Frameworks */ = {
			isa = PBXFrameworksBuildPhase;
			buildActionMask = 2147483647;
			files = (
			);
			runOnlyForDeploymentPostprocessing = 0;
		};
		3E50EFD4209CD4CE007D128D /* Frameworks */ = {
			isa = PBXFrameworksBuildPhase;
			buildActionMask = 2147483647;
			files = (
			);
			runOnlyForDeploymentPostprocessing = 0;
		};
/* End PBXFrameworksBuildPhase section */

/* Begin PBXGroup section */
		2E156117BB8947D33A753F8A /* Global */ = {
			isa = PBXGroup;
			children = (
				2E15605BE7ABFD624B79680C /* ErrorsEnum.swift */,
				2E156B8901B3975F96DBEF80 /* VPNStatesEnum.swift */,
				2E1563AF2C171CEED5413B6E /* CustomColors.swift */,
				2E1564C271D962232DD8DAE1 /* FilesEnum.swift */,
				2E156D689B6BAF8F8D632ADC /* GlobalSettings.swift */,
			);
			path = Global;
			sourceTree = "<group>";
		};
		2E1564B6EB359149ACDB0FCB /* Views */ = {
			isa = PBXGroup;
			children = (
				2E156098BAEE19CD996543CC /* PinViewController.swift */,
				2E15644334A2DEEE236322F8 /* RailRoadNavigationController.swift */,
				2E15698DD871F15B3DF7C47C /* ServersListViewController.swift */,
				2E15682943E6F1D894F795B7 /* SettingsListViewController.swift */,
				2E1569E93DE9B17D6A338BE7 /* MainViewController.swift */,
				2E156D08F6C3BC33F1469DAD /* ServersListTableViewCell.swift */,
				2E156D1CB5FE5F49634F2C87 /* PinTextField.swift */,
				2E156E3B952815D03396BA74 /* TabViewController.swift */,
			);
			path = Views;
			sourceTree = "<group>";
		};
		2E15671B19502025A35A61F8 /* Services */ = {
			isa = PBXGroup;
			children = (
				2E156C3155332AC3B9A74F73 /* RESTService.swift */,
				2E156B352A6E5095C6FC833C /* RESTSertviceI.swift */,
				2E156EC9962C127BAD5A54F0 /* UtilityService.swift */,
				2E156001AEB7E1D39D43081E /* UserAPIService.swift */,
				2E1565D735C78E2A4CA5B1BE /* VPNService.swift */,
				2E15671CB845B3CAE1B3E87F /* CacheMetaService.swift */,
			);
			path = Services;
			sourceTree = "<group>";
		};
		2E156EE66B72D02963AB077E /* Model */ = {
			isa = PBXGroup;
			children = (
				2E1562BF488E4B8A85E51666 /* RESTResponse.swift */,
				2E156921915DCDF969300EA6 /* User.swift */,
				2E156F962E0890F787A2CE13 /* UserDevice.swift */,
				2E15687806E900770BAF527F /* Server.swift */,
				2E156C809261B33BA616BA4F /* Meta.swift */,
			);
			path = Model;
			sourceTree = "<group>";
		};
		3E50EFAF209CD4CD007D128D = {
			isa = PBXGroup;
			children = (
				3E50EFBA209CD4CD007D128D /* test_2 */,
				3E50EFCF209CD4CE007D128D /* test_2Tests */,
				3E50EFDA209CD4CE007D128D /* test_2UITests */,
				3E50EFB9209CD4CD007D128D /* Products */,
				3ED862F7209F756900A9F120 /* Frameworks */,
				2E156F2CAA35AD632F743762 /* README__ignoredByTemplate__ */,
			);
			sourceTree = "<group>";
		};
		3E50EFB9209CD4CD007D128D /* Products */ = {
			isa = PBXGroup;
			children = (
				3E50EFB8209CD4CD007D128D /* test_2.app */,
				3E50EFCC209CD4CE007D128D /* test_2Tests.xctest */,
				3E50EFD7209CD4CE007D128D /* test_2UITests.xctest */,
			);
			name = Products;
			sourceTree = "<group>";
		};
		3E50EFBA209CD4CD007D128D /* test_2 */ = {
			isa = PBXGroup;
			children = (
				3E7A703620AA3D1C00492E81 /* test_2.entitlements */,
				3E50EFBB209CD4CD007D128D /* AppDelegate.swift */,
				3E50EFBF209CD4CD007D128D /* Main.storyboard */,
				3E50EFC2209CD4CD007D128D /* ImagesAssets.xcassets */,
				3E50EFC4209CD4CD007D128D /* LaunchScreen.storyboard */,
				3E50EFC7209CD4CE007D128D /* Info.plist */,
				2E15671B19502025A35A61F8 /* Services */,
				2E1564B6EB359149ACDB0FCB /* Views */,
				2E156EE66B72D02963AB077E /* Model */,
				2E156117BB8947D33A753F8A /* Global */,
			);
			path = test_2;
			sourceTree = "<group>";
		};
		3E50EFCF209CD4CE007D128D /* test_2Tests */ = {
			isa = PBXGroup;
			children = (
				3E50EFD0209CD4CE007D128D /* test_2Tests.swift */,
				3E50EFD2209CD4CE007D128D /* Info.plist */,
			);
			path = test_2Tests;
			sourceTree = "<group>";
		};
		3E50EFDA209CD4CE007D128D /* test_2UITests */ = {
			isa = PBXGroup;
			children = (
				3E50EFDB209CD4CE007D128D /* test_2UITests.swift */,
				3E50EFDD209CD4CE007D128D /* Info.plist */,
			);
			path = test_2UITests;
			sourceTree = "<group>";
		};
		3ED862F7209F756900A9F120 /* Frameworks */ = {
			isa = PBXGroup;
			children = (
				3ED862FA209F758300A9F120 /* NetworkExtension.framework */,
			);
			name = Frameworks;
			sourceTree = "<group>";
		};
/* End PBXGroup section */

/* Begin PBXNativeTarget section */
		3E50EFB7209CD4CD007D128D /* test_2 */ = {
			isa = PBXNativeTarget;
			buildConfigurationList = 3E50EFE0209CD4CE007D128D /* Build configuration list for PBXNativeTarget "test_2" */;
			buildPhases = (
				3E50EFB4209CD4CD007D128D /* Sources */,
				3E50EFB5209CD4CD007D128D /* Frameworks */,
				3E50EFB6209CD4CD007D128D /* Resources */,
			);
			buildRules = (
			);
			dependencies = (
			);
			name = test_2;
			productName = test_2;
			productReference = 3E50EFB8209CD4CD007D128D /* test_2.app */;
			productType = "com.apple.product-type.application";
		};
		3E50EFCB209CD4CE007D128D /* test_2Tests */ = {
			isa = PBXNativeTarget;
			buildConfigurationList = 3E50EFE3209CD4CE007D128D /* Build configuration list for PBXNativeTarget "test_2Tests" */;
			buildPhases = (
				3E50EFC8209CD4CE007D128D /* Sources */,
				3E50EFC9209CD4CE007D128D /* Frameworks */,
				3E50EFCA209CD4CE007D128D /* Resources */,
			);
			buildRules = (
			);
			dependencies = (
				3E50EFCE209CD4CE007D128D /* PBXTargetDependency */,
			);
			name = test_2Tests;
			productName = test_2Tests;
			productReference = 3E50EFCC209CD4CE007D128D /* test_2Tests.xctest */;
			productType = "com.apple.product-type.bundle.unit-test";
		};
		3E50EFD6209CD4CE007D128D /* test_2UITests */ = {
			isa = PBXNativeTarget;
			buildConfigurationList = 3E50EFE6209CD4CE007D128D /* Build configuration list for PBXNativeTarget "test_2UITests" */;
			buildPhases = (
				3E50EFD3209CD4CE007D128D /* Sources */,
				3E50EFD4209CD4CE007D128D /* Frameworks */,
				3E50EFD5209CD4CE007D128D /* Resources */,
			);
			buildRules = (
			);
			dependencies = (
				3E50EFD9209CD4CE007D128D /* PBXTargetDependency */,
			);
			name = test_2UITests;
			productName = test_2UITests;
			productReference = 3E50EFD7209CD4CE007D128D /* test_2UITests.xctest */;
			productType = "com.apple.product-type.bundle.ui-testing";
		};
/* End PBXNativeTarget section */

/* Begin PBXProject section */
		3E50EFB0209CD4CD007D128D /* Project object */ = {
			isa = PBXProject;
			attributes = {
				LastSwiftUpdateCheck = 0930;
				LastUpgradeCheck = 0930;
				ORGANIZATIONNAME = beop;
				TargetAttributes = {
					3E50EFB7209CD4CD007D128D = {
						CreatedOnToolsVersion = 9.3;
						SystemCapabilities = {
							com.apple.Keychain = {
								enabled = 1;
							};
						};
					};
					3E50EFCB209CD4CE007D128D = {
						CreatedOnToolsVersion = 9.3;
						TestTargetID = 3E50EFB7209CD4CD007D128D;
					};
					3E50EFD6209CD4CE007D128D = {
						CreatedOnToolsVersion = 9.3;
						TestTargetID = 3E50EFB7209CD4CD007D128D;
					};
				};
			};
			buildConfigurationList = 3E50EFB3209CD4CD007D128D /* Build configuration list for PBXProject "test_2" */;
			compatibilityVersion = "Xcode 9.3";
			developmentRegion = en;
			hasScannedForEncodings = 0;
			knownRegions = (
				en,
				Base,
			);
			mainGroup = 3E50EFAF209CD4CD007D128D;
			productRefGroup = 3E50EFB9209CD4CD007D128D /* Products */;
			projectDirPath = "";
			projectRoot = "";
			targets = (
				3E50EFB7209CD4CD007D128D /* test_2 */,
				3E50EFCB209CD4CE007D128D /* test_2Tests */,
				3E50EFD6209CD4CE007D128D /* test_2UITests */,
			);
		};
/* End PBXProject section */

/* Begin PBXResourcesBuildPhase section */
		3E50EFB6209CD4CD007D128D /* Resources */ = {
			isa = PBXResourcesBuildPhase;
			buildActionMask = 2147483647;
			files = (
				3E50EFC6209CD4CD007D128D /* LaunchScreen.storyboard in Resources */,
				3E50EFC3209CD4CD007D128D /* ImagesAssets.xcassets in Resources */,
				3E50EFC1209CD4CD007D128D /* Main.storyboard in Resources */,
				2E156E5C2DDA09442A5DC1EB /* README__ignoredByTemplate__ in Resources */,
			);
			runOnlyForDeploymentPostprocessing = 0;
		};
		3E50EFCA209CD4CE007D128D /* Resources */ = {
			isa = PBXResourcesBuildPhase;
			buildActionMask = 2147483647;
			files = (
			);
			runOnlyForDeploymentPostprocessing = 0;
		};
		3E50EFD5209CD4CE007D128D /* Resources */ = {
			isa = PBXResourcesBuildPhase;
			buildActionMask = 2147483647;
			files = (
			);
			runOnlyForDeploymentPostprocessing = 0;
		};
/* End PBXResourcesBuildPhase section */

/* Begin PBXSourcesBuildPhase section */
		3E50EFB4209CD4CD007D128D /* Sources */ = {
			isa = PBXSourcesBuildPhase;
			buildActionMask = 2147483647;
			files = (
				3E50EFBC209CD4CD007D128D /* AppDelegate.swift in Sources */,
				2E1561F150BD2BD4CF037E10 /* PinViewController.swift in Sources */,
				2E156CD2B5A04263090B0443 /* RailRoadNavigationController.swift in Sources */,
				2E156959FF5F2B647C66D6EF /* ServersListViewController.swift in Sources */,
				2E1566E6CEB7B8663852759D /* SettingsListViewController.swift in Sources */,
				2E1561BBA2A0F5A73B10443D /* MainViewController.swift in Sources */,
				2E156E1505CF7BF6993B502F /* ServersListTableViewCell.swift in Sources */,
				2E1566455AAD705C15FF3175 /* PinTextField.swift in Sources */,
				2E156D8714191473125C3BDE /* RESTService.swift in Sources */,
				2E156B0DF17D7E2C2518E09F /* RESTSertviceI.swift in Sources */,
				2E15635C1C7E307725427C61 /* RESTResponse.swift in Sources */,
				2E1568B61670F45A6348E8E4 /* UtilityService.swift in Sources */,
				2E1567FCC6AEA84BB0981800 /* UserAPIService.swift in Sources */,
				2E156734C65BA3E8EEB75AA3 /* User.swift in Sources */,
				2E1568998772F6D802A933FE /* UserDevice.swift in Sources */,
				2E156B4DD85EA198ACA29DEF /* VPNService.swift in Sources */,
				2E1564000CBF6053BD5971EA /* TabViewController.swift in Sources */,
				2E1562F312F50362D1DC8B95 /* CacheMetaService.swift in Sources */,
				2E156BAC2BC5F626BDEF70C5 /* Server.swift in Sources */,
				2E1567EDC5A3C766CD34AC9C /* Meta.swift in Sources */,
				2E1568B76A069704D5C8E362 /* ErrorsEnum.swift in Sources */,
				2E156EC040EAB3EF5A448033 /* VPNStatesEnum.swift in Sources */,
				2E15640ABD498FE9516A8F64 /* CustomColors.swift in Sources */,
				2E15622B24AA007943A55A5F /* FilesEnum.swift in Sources */,
				2E156AC88C1E355CF4006265 /* GlobalSettings.swift in Sources */,
			);
			runOnlyForDeploymentPostprocessing = 0;
		};
		3E50EFC8209CD4CE007D128D /* Sources */ = {
			isa = PBXSourcesBuildPhase;
			buildActionMask = 2147483647;
			files = (
				3E50EFD1209CD4CE007D128D /* test_2Tests.swift in Sources */,
			);
			runOnlyForDeploymentPostprocessing = 0;
		};
		3E50EFD3209CD4CE007D128D /* Sources */ = {
			isa = PBXSourcesBuildPhase;
			buildActionMask = 2147483647;
			files = (
				3E50EFDC209CD4CE007D128D /* test_2UITests.swift in Sources */,
			);
			runOnlyForDeploymentPostprocessing = 0;
		};
/* End PBXSourcesBuildPhase section */

/* Begin PBXTargetDependency section */
		3E50EFCE209CD4CE007D128D /* PBXTargetDependency */ = {
			isa = PBXTargetDependency;
			target = 3E50EFB7209CD4CD007D128D /* test_2 */;
			targetProxy = 3E50EFCD209CD4CE007D128D /* PBXContainerItemProxy */;
		};
		3E50EFD9209CD4CE007D128D /* PBXTargetDependency */ = {
			isa = PBXTargetDependency;
			target = 3E50EFB7209CD4CD007D128D /* test_2 */;
			targetProxy = 3E50EFD8209CD4CE007D128D /* PBXContainerItemProxy */;
		};
/* End PBXTargetDependency section */

/* Begin PBXVariantGroup section */
		3E50EFBF209CD4CD007D128D /* Main.storyboard */ = {
			isa = PBXVariantGroup;
			children = (
				3E50EFC0209CD4CD007D128D /* Base */,
			);
			name = Main.storyboard;
			sourceTree = "<group>";
		};
		3E50EFC4209CD4CD007D128D /* LaunchScreen.storyboard */ = {
			isa = PBXVariantGroup;
			children = (
				3E50EFC5209CD4CD007D128D /* Base */,
			);
			name = LaunchScreen.storyboard;
			sourceTree = "<group>";
		};
/* End PBXVariantGroup section */

/* Begin XCBuildConfiguration section */
		3E50EFDE209CD4CE007D128D /* Debug */ = {
			isa = XCBuildConfiguration;
			buildSettings = {
				ALWAYS_SEARCH_USER_PATHS = NO;
				CLANG_ANALYZER_NONNULL = YES;
				CLANG_ANALYZER_NUMBER_OBJECT_CONVERSION = YES_AGGRESSIVE;
				CLANG_CXX_LANGUAGE_STANDARD = "gnu++14";
				CLANG_CXX_LIBRARY = "libc++";
				CLANG_ENABLE_MODULES = YES;
				CLANG_ENABLE_OBJC_ARC = YES;
				CLANG_ENABLE_OBJC_WEAK = YES;
				CLANG_WARN_BLOCK_CAPTURE_AUTORELEASING = YES;
				CLANG_WARN_BOOL_CONVERSION = YES;
				CLANG_WARN_COMMA = YES;
				CLANG_WARN_CONSTANT_CONVERSION = YES;
				CLANG_WARN_DEPRECATED_OBJC_IMPLEMENTATIONS = YES;
				CLANG_WARN_DIRECT_OBJC_ISA_USAGE = YES_ERROR;
				CLANG_WARN_DOCUMENTATION_COMMENTS = YES;
				CLANG_WARN_EMPTY_BODY = YES;
				CLANG_WARN_ENUM_CONVERSION = YES;
				CLANG_WARN_INFINITE_RECURSION = YES;
				CLANG_WARN_INT_CONVERSION = YES;
				CLANG_WARN_NON_LITERAL_NULL_CONVERSION = YES;
				CLANG_WARN_OBJC_IMPLICIT_RETAIN_SELF = YES;
				CLANG_WARN_OBJC_LITERAL_CONVERSION = YES;
				CLANG_WARN_OBJC_ROOT_CLASS = YES_ERROR;
				CLANG_WARN_RANGE_LOOP_ANALYSIS = YES;
				CLANG_WARN_STRICT_PROTOTYPES = YES;
				CLANG_WARN_SUSPICIOUS_MOVE = YES;
				CLANG_WARN_UNGUARDED_AVAILABILITY = YES_AGGRESSIVE;
				CLANG_WARN_UNREACHABLE_CODE = YES;
				CLANG_WARN__DUPLICATE_METHOD_MATCH = YES;
				CODE_SIGN_IDENTITY = "iPhone Developer";
				COPY_PHASE_STRIP = NO;
				DEBUG_INFORMATION_FORMAT = dwarf;
				ENABLE_STRICT_OBJC_MSGSEND = YES;
				ENABLE_TESTABILITY = YES;
				GCC_C_LANGUAGE_STANDARD = gnu11;
				GCC_DYNAMIC_NO_PIC = NO;
				GCC_NO_COMMON_BLOCKS = YES;
				GCC_OPTIMIZATION_LEVEL = 0;
				GCC_PREPROCESSOR_DEFINITIONS = (
					"DEBUG=1",
					"$(inherited)",
				);
				GCC_WARN_64_TO_32_BIT_CONVERSION = YES;
				GCC_WARN_ABOUT_RETURN_TYPE = YES_ERROR;
				GCC_WARN_UNDECLARED_SELECTOR = YES;
				GCC_WARN_UNINITIALIZED_AUTOS = YES_AGGRESSIVE;
				GCC_WARN_UNUSED_FUNCTION = YES;
				GCC_WARN_UNUSED_VARIABLE = YES;
				IPHONEOS_DEPLOYMENT_TARGET = 11.3;
				MTL_ENABLE_DEBUG_INFO = YES;
				ONLY_ACTIVE_ARCH = YES;
				SDKROOT = iphoneos;
				SWIFT_ACTIVE_COMPILATION_CONDITIONS = DEBUG;
				SWIFT_OPTIMIZATION_LEVEL = "-Onone";
			};
			name = Debug;
		};
		3E50EFDF209CD4CE007D128D /* Release */ = {
			isa = XCBuildConfiguration;
			buildSettings = {
				ALWAYS_SEARCH_USER_PATHS = NO;
				CLANG_ANALYZER_NONNULL = YES;
				CLANG_ANALYZER_NUMBER_OBJECT_CONVERSION = YES_AGGRESSIVE;
				CLANG_CXX_LANGUAGE_STANDARD = "gnu++14";
				CLANG_CXX_LIBRARY = "libc++";
				CLANG_ENABLE_MODULES = YES;
				CLANG_ENABLE_OBJC_ARC = YES;
				CLANG_ENABLE_OBJC_WEAK = YES;
				CLANG_WARN_BLOCK_CAPTURE_AUTORELEASING = YES;
				CLANG_WARN_BOOL_CONVERSION = YES;
				CLANG_WARN_COMMA = YES;
				CLANG_WARN_CONSTANT_CONVERSION = YES;
				CLANG_WARN_DEPRECATED_OBJC_IMPLEMENTATIONS = YES;
				CLANG_WARN_DIRECT_OBJC_ISA_USAGE = YES_ERROR;
				CLANG_WARN_DOCUMENTATION_COMMENTS = YES;
				CLANG_WARN_EMPTY_BODY = YES;
				CLANG_WARN_ENUM_CONVERSION = YES;
				CLANG_WARN_INFINITE_RECURSION = YES;
				CLANG_WARN_INT_CONVERSION = YES;
				CLANG_WARN_NON_LITERAL_NULL_CONVERSION = YES;
				CLANG_WARN_OBJC_IMPLICIT_RETAIN_SELF = YES;
				CLANG_WARN_OBJC_LITERAL_CONVERSION = YES;
				CLANG_WARN_OBJC_ROOT_CLASS = YES_ERROR;
				CLANG_WARN_RANGE_LOOP_ANALYSIS = YES;
				CLANG_WARN_STRICT_PROTOTYPES = YES;
				CLANG_WARN_SUSPICIOUS_MOVE = YES;
				CLANG_WARN_UNGUARDED_AVAILABILITY = YES_AGGRESSIVE;
				CLANG_WARN_UNREACHABLE_CODE = YES;
				CLANG_WARN__DUPLICATE_METHOD_MATCH = YES;
				CODE_SIGN_IDENTITY = "iPhone Developer";
				COPY_PHASE_STRIP = NO;
				DEBUG_INFORMATION_FORMAT = "dwarf-with-dsym";
				ENABLE_NS_ASSERTIONS = NO;
				ENABLE_STRICT_OBJC_MSGSEND = YES;
				GCC_C_LANGUAGE_STANDARD = gnu11;
				GCC_NO_COMMON_BLOCKS = YES;
				GCC_WARN_64_TO_32_BIT_CONVERSION = YES;
				GCC_WARN_ABOUT_RETURN_TYPE = YES_ERROR;
				GCC_WARN_UNDECLARED_SELECTOR = YES;
				GCC_WARN_UNINITIALIZED_AUTOS = YES_AGGRESSIVE;
				GCC_WARN_UNUSED_FUNCTION = YES;
				GCC_WARN_UNUSED_VARIABLE = YES;
				IPHONEOS_DEPLOYMENT_TARGET = 11.3;
				MTL_ENABLE_DEBUG_INFO = NO;
				SDKROOT = iphoneos;
				SWIFT_COMPILATION_MODE = wholemodule;
				SWIFT_OPTIMIZATION_LEVEL = "-O";
				VALIDATE_PRODUCT = YES;
			};
			name = Release;
		};
		3E50EFE1209CD4CE007D128D /* Debug */ = {
			isa = XCBuildConfiguration;
			buildSettings = {
				ASSETCATALOG_COMPILER_APPICON_NAME = AppIcon;
				CODE_SIGN_ENTITLEMENTS = test_2/test_2.entitlements;
				CODE_SIGN_STYLE = Automatic;
				DEVELOPMENT_TEAM = 2J7CVRHZ7X;
				"HEADER_SEARCH_PATHS[arch=*]" = /Users/beop/Desktop/railroad;
				INFOPLIST_FILE = test_2/Info.plist;
				LD_RUNPATH_SEARCH_PATHS = (
					"$(inherited)",
					"@executable_path/Frameworks",
				);
				"LIBRARY_SEARCH_PATHS[arch=*]" = /Users/beop/Desktop/railroad;
				PRODUCT_BUNDLE_IDENTIFIER = "-6e042e77876411b823c0aa93f2ee7a3.test-2";
				PRODUCT_NAME = "$(TARGET_NAME)";
				SWIFT_VERSION = 4.0;
				TARGETED_DEVICE_FAMILY = "1,2";
			};
			name = Debug;
		};
		3E50EFE2209CD4CE007D128D /* Release */ = {
			isa = XCBuildConfiguration;
			buildSettings = {
				ASSETCATALOG_COMPILER_APPICON_NAME = AppIcon;
				CODE_SIGN_ENTITLEMENTS = test_2/test_2.entitlements;
				CODE_SIGN_STYLE = Automatic;
				DEVELOPMENT_TEAM = 2J7CVRHZ7X;
				"FRAMEWORK_SEARCH_PATHS[arch=*]" = "";
				"HEADER_SEARCH_PATHS[arch=*]" = /Users/beop/Desktop/railroad;
				INFOPLIST_FILE = test_2/Info.plist;
				LD_RUNPATH_SEARCH_PATHS = (
					"$(inherited)",
					"@executable_path/Frameworks",
				);
				"LIBRARY_SEARCH_PATHS[arch=*]" = /Users/beop/Desktop/railroad;
				PRODUCT_BUNDLE_IDENTIFIER = "-6e042e77876411b823c0aa93f2ee7a3.test-2";
				PRODUCT_NAME = "$(TARGET_NAME)";
				SWIFT_VERSION = 4.0;
				TARGETED_DEVICE_FAMILY = "1,2";
			};
			name = Release;
		};
		3E50EFE4209CD4CE007D128D /* Debug */ = {
			isa = XCBuildConfiguration;
			buildSettings = {
				ALWAYS_EMBED_SWIFT_STANDARD_LIBRARIES = YES;
				BUNDLE_LOADER = "$(TEST_HOST)";
				CODE_SIGN_STYLE = Automatic;
				INFOPLIST_FILE = test_2Tests/Info.plist;
				LD_RUNPATH_SEARCH_PATHS = (
					"$(inherited)",
					"@executable_path/Frameworks",
					"@loader_path/Frameworks",
				);
				PRODUCT_BUNDLE_IDENTIFIER = "-.test-2Tests";
				PRODUCT_NAME = "$(TARGET_NAME)";
				SWIFT_VERSION = 4.0;
				TARGETED_DEVICE_FAMILY = "1,2";
				TEST_HOST = "$(BUILT_PRODUCTS_DIR)/test_2.app/test_2";
			};
			name = Debug;
		};
		3E50EFE5209CD4CE007D128D /* Release */ = {
			isa = XCBuildConfiguration;
			buildSettings = {
				ALWAYS_EMBED_SWIFT_STANDARD_LIBRARIES = YES;
				BUNDLE_LOADER = "$(TEST_HOST)";
				CODE_SIGN_STYLE = Automatic;
				INFOPLIST_FILE = test_2Tests/Info.plist;
				LD_RUNPATH_SEARCH_PATHS = (
					"$(inherited)",
					"@executable_path/Frameworks",
					"@loader_path/Frameworks",
				);
				PRODUCT_BUNDLE_IDENTIFIER = "-.test-2Tests";
				PRODUCT_NAME = "$(TARGET_NAME)";
				SWIFT_VERSION = 4.0;
				TARGETED_DEVICE_FAMILY = "1,2";
				TEST_HOST = "$(BUILT_PRODUCTS_DIR)/test_2.app/test_2";
			};
			name = Release;
		};
		3E50EFE7209CD4CE007D128D /* Debug */ = {
			isa = XCBuildConfiguration;
			buildSettings = {
				ALWAYS_EMBED_SWIFT_STANDARD_LIBRARIES = YES;
				CODE_SIGN_STYLE = Automatic;
				INFOPLIST_FILE = test_2UITests/Info.plist;
				LD_RUNPATH_SEARCH_PATHS = (
					"$(inherited)",
					"@executable_path/Frameworks",
					"@loader_path/Frameworks",
				);
				PRODUCT_BUNDLE_IDENTIFIER = "-.test-2UITests";
				PRODUCT_NAME = "$(TARGET_NAME)";
				SWIFT_VERSION = 4.0;
				TARGETED_DEVICE_FAMILY = "1,2";
				TEST_TARGET_NAME = test_2;
			};
			name = Debug;
		};
		3E50EFE8209CD4CE007D128D /* Release */ = {
			isa = XCBuildConfiguration;
			buildSettings = {
				ALWAYS_EMBED_SWIFT_STANDARD_LIBRARIES = YES;
				CODE_SIGN_STYLE = Automatic;
				INFOPLIST_FILE = test_2UITests/Info.plist;
				LD_RUNPATH_SEARCH_PATHS = (
					"$(inherited)",
					"@executable_path/Frameworks",
					"@loader_path/Frameworks",
				);
				PRODUCT_BUNDLE_IDENTIFIER = "-.test-2UITests";
				PRODUCT_NAME = "$(TARGET_NAME)";
				SWIFT_VERSION = 4.0;
				TARGETED_DEVICE_FAMILY = "1,2";
				TEST_TARGET_NAME = test_2;
			};
			name = Release;
		};
/* End XCBuildConfiguration section */

/* Begin XCConfigurationList section */
		3E50EFB3209CD4CD007D128D /* Build configuration list for PBXProject "test_2" */ = {
			isa = XCConfigurationList;
			buildConfigurations = (
				3E50EFDE209CD4CE007D128D /* Debug */,
				3E50EFDF209CD4CE007D128D /* Release */,
			);
			defaultConfigurationIsVisible = 0;
			defaultConfigurationName = Release;
		};
		3E50EFE0209CD4CE007D128D /* Build configuration list for PBXNativeTarget "test_2" */ = {
			isa = XCConfigurationList;
			buildConfigurations = (
				3E50EFE1209CD4CE007D128D /* Debug */,
				3E50EFE2209CD4CE007D128D /* Release */,
			);
			defaultConfigurationIsVisible = 0;
			defaultConfigurationName = Release;
		};
		3E50EFE3209CD4CE007D128D /* Build configuration list for PBXNativeTarget "test_2Tests" */ = {
			isa = XCConfigurationList;
			buildConfigurations = (
				3E50EFE4209CD4CE007D128D /* Debug */,
				3E50EFE5209CD4CE007D128D /* Release */,
			);
			defaultConfigurationIsVisible = 0;
			defaultConfigurationName = Release;
		};
		3E50EFE6209CD4CE007D128D /* Build configuration list for PBXNativeTarget "test_2UITests" */ = {
			isa = XCConfigurationList;
			buildConfigurations = (
				3E50EFE7209CD4CE007D128D /* Debug */,
				3E50EFE8209CD4CE007D128D /* Release */,
			);
			defaultConfigurationIsVisible = 0;
			defaultConfigurationName = Release;
		};
/* End XCConfigurationList section */
	};
	rootObject = 3E50EFB0209CD4CD007D128D /* Project object */;
}
